
Microsoft Visual Studio Solution File, Format Version 12.00
# Visual Studio Version 17
VisualStudioVersion = 17.0.32112.339
MinimumVisualStudioVersion = 10.0.40219.1
Project("{FAE04EC0-301F-11D3-BF4B-00C04F79EFBC}") = "ClubeDaLeitura", "ClubeDaLeitura\ClubeDaLeitura.csproj", "{FBB847F2-1BB1-4576-9515-7FECF9ABC094}"
EndProject
Global
	GlobalSection(SolutionConfigurationPlatforms) = preSolution
		Debug|Any CPU = Debug|Any CPU
		Release|Any CPU = Release|Any CPU
	EndGlobalSection
	GlobalSection(ProjectConfigurationPlatforms) = postSolution
		{FBB847F2-1BB1-4576-9515-7FECF9ABC094}.Debug|Any CPU.ActiveCfg = Debug|Any CPU
		{FBB847F2-1BB1-4576-9515-7FECF9ABC094}.Debug|Any CPU.Build.0 = Debug|Any CPU
		{FBB847F2-1BB1-4576-9515-7FECF9ABC094}.Release|Any CPU.ActiveCfg = Release|Any CPU
		{FBB847F2-1BB1-4576-9515-7FECF9ABC094}.Release|Any CPU.Build.0 = Release|Any CPU
	EndGlobalSection
	GlobalSection(SolutionProperties) = preSolution
		HideSolutionNode = FALSE
	EndGlobalSection
	GlobalSection(ExtensibilityGlobals) = postSolution
		SolutionGuid = {EA431248-07A2-44F8-9BA3-CA84ED4D8A84}
	EndGlobalSection
EndGlobal
